
Microsoft Visual Studio Solution File, Format Version 12.00
# Visual Studio Version 17
VisualStudioVersion = 17.1.32421.90
MinimumVisualStudioVersion = 10.0.40219.1
Project("{FAE04EC0-301F-11D3-BF4B-00C04F79EFBC}") = "Final_work", "Final_work\Final_work.csproj", "{707E5A42-498D-4234-AA5D-E2F229CBAC67}"
EndProject
Global
	GlobalSection(SolutionConfigurationPlatforms) = preSolution
		Debug|Any CPU = Debug|Any CPU
		Release|Any CPU = Release|Any CPU
	EndGlobalSection
	GlobalSection(ProjectConfigurationPlatforms) = postSolution
		{707E5A42-498D-4234-AA5D-E2F229CBAC67}.Debug|Any CPU.ActiveCfg = Debug|Any CPU
		{707E5A42-498D-4234-AA5D-E2F229CBAC67}.Debug|Any CPU.Build.0 = Debug|Any CPU
		{707E5A42-498D-4234-AA5D-E2F229CBAC67}.Release|Any CPU.ActiveCfg = Release|Any CPU
		{707E5A42-498D-4234-AA5D-E2F229CBAC67}.Release|Any CPU.Build.0 = Release|Any CPU
	EndGlobalSection
	GlobalSection(SolutionProperties) = preSolution
		HideSolutionNode = FALSE
	EndGlobalSection
	GlobalSection(ExtensibilityGlobals) = postSolution
		SolutionGuid = {C9247859-4EC3-45E1-B36B-52A97992A73F}
	EndGlobalSection
EndGlobal
